
Microsoft Visual Studio Solution File, Format Version 12.00
# Visual Studio Version 17
VisualStudioVersion = 17.12.35527.113
MinimumVisualStudioVersion = 10.0.40219.1
Project("{2150E333-8FDC-42A3-9474-1A3956D46DE8}") = "Task0", "Task0", "{36C04B2E-A879-4038-9D73-99128C499B0F}"
EndProject
Project("{FAE04EC0-301F-11D3-BF4B-00C04F79EFBC}") = "Tyuiu.SosninRA.Sprint0.Task0.V0", "Tyuiu.SosninRA.Sprint0.Task0.V0\Tyuiu.SosninRA.Sprint0.Task0.V0.csproj", "{E576FAB5-B88A-4B10-8F63-45E712CF8D57}"
EndProject
Project("{2150E333-8FDC-42A3-9474-1A3956D46DE8}") = "Task1", "Task1", "{2BD33C16-987F-4084-8D41-E6C2C647CBF7}"
EndProject
Project("{FAE04EC0-301F-11D3-BF4B-00C04F79EFBC}") = "Tyuiu.SosninRA.Sprint0.Task1.V0", "Tyuiu.SosninRA.Sprint0.Task1.V0\Tyuiu.SosninRA.Sprint0.Task1.V0.csproj", "{441B71BD-2E22-4CBE-8D2C-FC2CE10C1292}"
EndProject
Project("{2150E333-8FDC-42A3-9474-1A3956D46DE8}") = "Task2", "Task2", "{27F76BC6-098F-40BA-AEAD-4EAB8B9C1907}"
EndProject
Project("{FAE04EC0-301F-11D3-BF4B-00C04F79EFBC}") = "Tyuiu.SosninRA.Sprint0.Task2.V0", "Tyuiu.SosninRA.Sprint0.Task2.V0\Tyuiu.SosninRA.Sprint0.Task2.V0.csproj", "{800E68F8-EF34-4FAF-866A-B449C3E948C3}"
EndProject
Project("{FAE04EC0-301F-11D3-BF4B-00C04F79EFBC}") = "Tyuiu.SosninRA.Sprint0.Task2.V0.Lib", "Tyuiu.SosninRA.Sprint0.Task2.V0.Lib\Tyuiu.SosninRA.Sprint0.Task2.V0.Lib.csproj", "{51959807-A41D-402D-92AC-0120C3790362}"
EndProject
Project("{FAE04EC0-301F-11D3-BF4B-00C04F79EFBC}") = "Tyuiu.SosninRA.Sprint0.Task2.V0.Test", "Tyuiu.SosninRA.Sprint0.Task2.V0.Test\Tyuiu.SosninRA.Sprint0.Task2.V0.Test.csproj", "{EDEB07A9-77B7-417A-BD2C-866AC8292501}"
EndProject
Project("{2150E333-8FDC-42A3-9474-1A3956D46DE8}") = "Task3", "Task3", "{CF50AC08-5405-45E1-B9D2-B467ABD0AA5E}"
EndProject
Project("{FAE04EC0-301F-11D3-BF4B-00C04F79EFBC}") = "Tyuiu.SosninRA.Sprint0.Task3.V0", "Tyuiu.SosninRA.Sprint0.Task3.V0\Tyuiu.SosninRA.Sprint0.Task3.V0.csproj", "{81CBE23B-8384-4340-9F14-FCBA1F35E6D8}"
EndProject
Project("{FAE04EC0-301F-11D3-BF4B-00C04F79EFBC}") = "Tyuiu.SosninRA.Sprint0.Task3.V0.Lib", "Tyuiu.SosninRA.Sprint0.Task3.V0.Lib\Tyuiu.SosninRA.Sprint0.Task3.V0.Lib.csproj", "{7BD48A79-2C9C-4B1C-9A93-264F061DA771}"
EndProject
Project("{FAE04EC0-301F-11D3-BF4B-00C04F79EFBC}") = "Tyuiu.SosninRA.Sprint0.Task3.V0.Test", "Tyuiu.SosninRA.Sprint0.Task3.V0.Test\Tyuiu.SosninRA.Sprint0.Task3.V0.Test.csproj", "{394AEA65-7A18-45BD-901D-890F029B7FC2}"
EndProject
Project("{2150E333-8FDC-42A3-9474-1A3956D46DE8}") = "Task4", "Task4", "{EA74AD00-C6F5-42A0-90BD-0FABD621ECF4}"
EndProject
Project("{FAE04EC0-301F-11D3-BF4B-00C04F79EFBC}") = "Tyuiu.SosninRA.Sprint0.Task4.V0", "Tyuiu.SosninRA.Sprint0.Task4.V0\Tyuiu.SosninRA.Sprint0.Task4.V0.csproj", "{FEDD2581-3303-483F-B39F-73A2FD45737A}"
EndProject
Project("{FAE04EC0-301F-11D3-BF4B-00C04F79EFBC}") = "Tyuiu.SosninRA.Sprint0.Task4.V0.Lib", "Tyuiu.SosninRA.Sprint0.Task4.V0.Lib\Tyuiu.SosninRA.Sprint0.Task4.V0.Lib.csproj", "{E0EDD71A-9329-4549-819E-CA8E56E3ADE9}"
EndProject
Project("{FAE04EC0-301F-11D3-BF4B-00C04F79EFBC}") = "Tyuiu.SosninRA.Sprint0.Task4.V0.Test", "Tyuiu.SosninRA.Sprint0.Task4.V0.Test\Tyuiu.SosninRA.Sprint0.Task4.V0.Test.csproj", "{0EF8D216-9305-435E-92F1-8C5B0C65612B}"
EndProject
Project("{2150E333-8FDC-42A3-9474-1A3956D46DE8}") = "Task5", "Task5", "{C7C4518E-0777-40CD-93B0-D1A2CA0051D3}"
EndProject
Project("{FAE04EC0-301F-11D3-BF4B-00C04F79EFBC}") = "Tyuiu.SosninRA.Sprint0.Task5.V0", "Tyuiu.SosninRA.Sprint0.Task5.V0\Tyuiu.SosninRA.Sprint0.Task5.V0.csproj", "{C2E4E781-64BF-4C3E-9689-905EE46950B0}"
EndProject
Project("{FAE04EC0-301F-11D3-BF4B-00C04F79EFBC}") = "Tyuiu.SosninRA.Sprint0.Task5.V0.Lib", "Tyuiu.SosninRA.Sprint0.Task5.V0.Lib\Tyuiu.SosninRA.Sprint0.Task5.V0.Lib.csproj", "{007E2BD2-7255-4A5C-AC2C-59E5EE51670E}"
EndProject
Project("{FAE04EC0-301F-11D3-BF4B-00C04F79EFBC}") = "Tyuiu.SosninRA.Sprint0.Task5.V0.Test", "Tyuiu.SosninRA.Sprint0.Task5.V0.Test\Tyuiu.SosninRA.Sprint0.Task5.V0.Test.csproj", "{F0901543-044C-4C7D-A044-21B9F9D04B18}"
EndProject
Project("{2150E333-8FDC-42A3-9474-1A3956D46DE8}") = "Task6", "Task6", "{F80D0286-DAF2-490D-BDE3-0E496E35AB1D}"
EndProject
Project("{FAE04EC0-301F-11D3-BF4B-00C04F79EFBC}") = "Tyuiu.SosninRA.Sprint0.Task6.V0", "Tyuiu.SosninRA.Sprint0.Task6.V0\Tyuiu.SosninRA.Sprint0.Task6.V0.csproj", "{58503C94-6BC7-4F6A-89A0-9228662F7A6B}"
EndProject
Project("{FAE04EC0-301F-11D3-BF4B-00C04F79EFBC}") = "Tyuiu.SosninRA.Sprint0.Task6.V0.Lib", "Tyuiu.SosninRA.Sprint0.Task6.V0.Lib\Tyuiu.SosninRA.Sprint0.Task6.V0.Lib.csproj", "{A894C62C-0486-4A7D-8F4E-2A3316431F60}"
EndProject
Project("{FAE04EC0-301F-11D3-BF4B-00C04F79EFBC}") = "Tyuiu.SosninRA.Sprint0.Task6.V0.Test", "Tyuiu.SosninRA.Sprint0.Task6.V0.Test\Tyuiu.SosninRA.Sprint0.Task6.V0.Test.csproj", "{B5D85F42-149F-4EF7-B615-18E386EAADC7}"
EndProject
Global
	GlobalSection(SolutionConfigurationPlatforms) = preSolution
		Debug|Any CPU = Debug|Any CPU
		Release|Any CPU = Release|Any CPU
	EndGlobalSection
	GlobalSection(ProjectConfigurationPlatforms) = postSolution
		{E576FAB5-B88A-4B10-8F63-45E712CF8D57}.Debug|Any CPU.ActiveCfg = Debug|Any CPU
		{E576FAB5-B88A-4B10-8F63-45E712CF8D57}.Debug|Any CPU.Build.0 = Debug|Any CPU
		{E576FAB5-B88A-4B10-8F63-45E712CF8D57}.Release|Any CPU.ActiveCfg = Release|Any CPU
		{E576FAB5-B88A-4B10-8F63-45E712CF8D57}.Release|Any CPU.Build.0 = Release|Any CPU
		{441B71BD-2E22-4CBE-8D2C-FC2CE10C1292}.Debug|Any CPU.ActiveCfg = Debug|Any CPU
		{441B71BD-2E22-4CBE-8D2C-FC2CE10C1292}.Debug|Any CPU.Build.0 = Debug|Any CPU
		{441B71BD-2E22-4CBE-8D2C-FC2CE10C1292}.Release|Any CPU.ActiveCfg = Release|Any CPU
		{441B71BD-2E22-4CBE-8D2C-FC2CE10C1292}.Release|Any CPU.Build.0 = Release|Any CPU
		{800E68F8-EF34-4FAF-866A-B449C3E948C3}.Debug|Any CPU.ActiveCfg = Debug|Any CPU
		{800E68F8-EF34-4FAF-866A-B449C3E948C3}.Debug|Any CPU.Build.0 = Debug|Any CPU
		{800E68F8-EF34-4FAF-866A-B449C3E948C3}.Release|Any CPU.ActiveCfg = Release|Any CPU
		{800E68F8-EF34-4FAF-866A-B449C3E948C3}.Release|Any CPU.Build.0 = Release|Any CPU
		{51959807-A41D-402D-92AC-0120C3790362}.Debug|Any CPU.ActiveCfg = Debug|Any CPU
		{51959807-A41D-402D-92AC-0120C3790362}.Debug|Any CPU.Build.0 = Debug|Any CPU
		{51959807-A41D-402D-92AC-0120C3790362}.Release|Any CPU.ActiveCfg = Release|Any CPU
		{51959807-A41D-402D-92AC-0120C3790362}.Release|Any CPU.Build.0 = Release|Any CPU
		{EDEB07A9-77B7-417A-BD2C-866AC8292501}.Debug|Any CPU.ActiveCfg = Debug|Any CPU
		{EDEB07A9-77B7-417A-BD2C-866AC8292501}.Debug|Any CPU.Build.0 = Debug|Any CPU
		{EDEB07A9-77B7-417A-BD2C-866AC8292501}.Release|Any CPU.ActiveCfg = Release|Any CPU
		{EDEB07A9-77B7-417A-BD2C-866AC8292501}.Release|Any CPU.Build.0 = Release|Any CPU
		{81CBE23B-8384-4340-9F14-FCBA1F35E6D8}.Debug|Any CPU.ActiveCfg = Debug|Any CPU
		{81CBE23B-8384-4340-9F14-FCBA1F35E6D8}.Debug|Any CPU.Build.0 = Debug|Any CPU
		{81CBE23B-8384-4340-9F14-FCBA1F35E6D8}.Release|Any CPU.ActiveCfg = Release|Any CPU
		{81CBE23B-8384-4340-9F14-FCBA1F35E6D8}.Release|Any CPU.Build.0 = Release|Any CPU
		{7BD48A79-2C9C-4B1C-9A93-264F061DA771}.Debug|Any CPU.ActiveCfg = Debug|Any CPU
		{7BD48A79-2C9C-4B1C-9A93-264F061DA771}.Debug|Any CPU.Build.0 = Debug|Any CPU
		{7BD48A79-2C9C-4B1C-9A93-264F061DA771}.Release|Any CPU.ActiveCfg = Release|Any CPU
		{7BD48A79-2C9C-4B1C-9A93-264F061DA771}.Release|Any CPU.Build.0 = Release|Any CPU
		{394AEA65-7A18-45BD-901D-890F029B7FC2}.Debug|Any CPU.ActiveCfg = Debug|Any CPU
		{394AEA65-7A18-45BD-901D-890F029B7FC2}.Debug|Any CPU.Build.0 = Debug|Any CPU
		{394AEA65-7A18-45BD-901D-890F029B7FC2}.Release|Any CPU.ActiveCfg = Release|Any CPU
		{394AEA65-7A18-45BD-901D-890F029B7FC2}.Release|Any CPU.Build.0 = Release|Any CPU
		{FEDD2581-3303-483F-B39F-73A2FD45737A}.Debug|Any CPU.ActiveCfg = Debug|Any CPU
		{FEDD2581-3303-483F-B39F-73A2FD45737A}.Debug|Any CPU.Build.0 = Debug|Any CPU
		{FEDD2581-3303-483F-B39F-73A2FD45737A}.Release|Any CPU.ActiveCfg = Release|Any CPU
		{FEDD2581-3303-483F-B39F-73A2FD45737A}.Release|Any CPU.Build.0 = Release|Any CPU
		{E0EDD71A-9329-4549-819E-CA8E56E3ADE9}.Debug|Any CPU.ActiveCfg = Debug|Any CPU
		{E0EDD71A-9329-4549-819E-CA8E56E3ADE9}.Debug|Any CPU.Build.0 = Debug|Any CPU
		{E0EDD71A-9329-4549-819E-CA8E56E3ADE9}.Release|Any CPU.ActiveCfg = Release|Any CPU
		{E0EDD71A-9329-4549-819E-CA8E56E3ADE9}.Release|Any CPU.Build.0 = Release|Any CPU
		{0EF8D216-9305-435E-92F1-8C5B0C65612B}.Debug|Any CPU.ActiveCfg = Debug|Any CPU
		{0EF8D216-9305-435E-92F1-8C5B0C65612B}.Debug|Any CPU.Build.0 = Debug|Any CPU
		{0EF8D216-9305-435E-92F1-8C5B0C65612B}.Release|Any CPU.ActiveCfg = Release|Any CPU
		{0EF8D216-9305-435E-92F1-8C5B0C65612B}.Release|Any CPU.Build.0 = Release|Any CPU
		{C2E4E781-64BF-4C3E-9689-905EE46950B0}.Debug|Any CPU.ActiveCfg = Debug|Any CPU
		{C2E4E781-64BF-4C3E-9689-905EE46950B0}.Debug|Any CPU.Build.0 = Debug|Any CPU
		{C2E4E781-64BF-4C3E-9689-905EE46950B0}.Release|Any CPU.ActiveCfg = Release|Any CPU
		{C2E4E781-64BF-4C3E-9689-905EE46950B0}.Release|Any CPU.Build.0 = Release|Any CPU
		{007E2BD2-7255-4A5C-AC2C-59E5EE51670E}.Debug|Any CPU.ActiveCfg = Debug|Any CPU
		{007E2BD2-7255-4A5C-AC2C-59E5EE51670E}.Debug|Any CPU.Build.0 = Debug|Any CPU
		{007E2BD2-7255-4A5C-AC2C-59E5EE51670E}.Release|Any CPU.ActiveCfg = Release|Any CPU
		{007E2BD2-7255-4A5C-AC2C-59E5EE51670E}.Release|Any CPU.Build.0 = Release|Any CPU
		{F0901543-044C-4C7D-A044-21B9F9D04B18}.Debug|Any CPU.ActiveCfg = Debug|Any CPU
		{F0901543-044C-4C7D-A044-21B9F9D04B18}.Debug|Any CPU.Build.0 = Debug|Any CPU
		{F0901543-044C-4C7D-A044-21B9F9D04B18}.Release|Any CPU.ActiveCfg = Release|Any CPU
		{F0901543-044C-4C7D-A044-21B9F9D04B18}.Release|Any CPU.Build.0 = Release|Any CPU
		{58503C94-6BC7-4F6A-89A0-9228662F7A6B}.Debug|Any CPU.ActiveCfg = Debug|Any CPU
		{58503C94-6BC7-4F6A-89A0-9228662F7A6B}.Debug|Any CPU.Build.0 = Debug|Any CPU
		{58503C94-6BC7-4F6A-89A0-9228662F7A6B}.Release|Any CPU.ActiveCfg = Release|Any CPU
		{58503C94-6BC7-4F6A-89A0-9228662F7A6B}.Release|Any CPU.Build.0 = Release|Any CPU
		{A894C62C-0486-4A7D-8F4E-2A3316431F60}.Debug|Any CPU.ActiveCfg = Debug|Any CPU
		{A894C62C-0486-4A7D-8F4E-2A3316431F60}.Debug|Any CPU.Build.0 = Debug|Any CPU
		{A894C62C-0486-4A7D-8F4E-2A3316431F60}.Release|Any CPU.ActiveCfg = Release|Any CPU
		{A894C62C-0486-4A7D-8F4E-2A3316431F60}.Release|Any CPU.Build.0 = Release|Any CPU
		{B5D85F42-149F-4EF7-B615-18E386EAADC7}.Debug|Any CPU.ActiveCfg = Debug|Any CPU
		{B5D85F42-149F-4EF7-B615-18E386EAADC7}.Debug|Any CPU.Build.0 = Debug|Any CPU
		{B5D85F42-149F-4EF7-B615-18E386EAADC7}.Release|Any CPU.ActiveCfg = Release|Any CPU
		{B5D85F42-149F-4EF7-B615-18E386EAADC7}.Release|Any CPU.Build.0 = Release|Any CPU
	EndGlobalSection
	GlobalSection(SolutionProperties) = preSolution
		HideSolutionNode = FALSE
	EndGlobalSection
	GlobalSection(NestedProjects) = preSolution
		{E576FAB5-B88A-4B10-8F63-45E712CF8D57} = {36C04B2E-A879-4038-9D73-99128C499B0F}
		{441B71BD-2E22-4CBE-8D2C-FC2CE10C1292} = {2BD33C16-987F-4084-8D41-E6C2C647CBF7}
		{800E68F8-EF34-4FAF-866A-B449C3E948C3} = {27F76BC6-098F-40BA-AEAD-4EAB8B9C1907}
		{51959807-A41D-402D-92AC-0120C3790362} = {27F76BC6-098F-40BA-AEAD-4EAB8B9C1907}
		{EDEB07A9-77B7-417A-BD2C-866AC8292501} = {27F76BC6-098F-40BA-AEAD-4EAB8B9C1907}
		{81CBE23B-8384-4340-9F14-FCBA1F35E6D8} = {CF50AC08-5405-45E1-B9D2-B467ABD0AA5E}
		{7BD48A79-2C9C-4B1C-9A93-264F061DA771} = {CF50AC08-5405-45E1-B9D2-B467ABD0AA5E}
		{394AEA65-7A18-45BD-901D-890F029B7FC2} = {CF50AC08-5405-45E1-B9D2-B467ABD0AA5E}
		{FEDD2581-3303-483F-B39F-73A2FD45737A} = {EA74AD00-C6F5-42A0-90BD-0FABD621ECF4}
		{E0EDD71A-9329-4549-819E-CA8E56E3ADE9} = {EA74AD00-C6F5-42A0-90BD-0FABD621ECF4}
		{0EF8D216-9305-435E-92F1-8C5B0C65612B} = {EA74AD00-C6F5-42A0-90BD-0FABD621ECF4}
		{C2E4E781-64BF-4C3E-9689-905EE46950B0} = {C7C4518E-0777-40CD-93B0-D1A2CA0051D3}
		{007E2BD2-7255-4A5C-AC2C-59E5EE51670E} = {C7C4518E-0777-40CD-93B0-D1A2CA0051D3}
		{F0901543-044C-4C7D-A044-21B9F9D04B18} = {C7C4518E-0777-40CD-93B0-D1A2CA0051D3}
		{58503C94-6BC7-4F6A-89A0-9228662F7A6B} = {F80D0286-DAF2-490D-BDE3-0E496E35AB1D}
		{A894C62C-0486-4A7D-8F4E-2A3316431F60} = {F80D0286-DAF2-490D-BDE3-0E496E35AB1D}
		{B5D85F42-149F-4EF7-B615-18E386EAADC7} = {F80D0286-DAF2-490D-BDE3-0E496E35AB1D}
	EndGlobalSection
EndGlobal
