
Microsoft Visual Studio Solution File, Format Version 12.00
# Visual Studio Version 17
VisualStudioVersion = 17.12.35527.113
MinimumVisualStudioVersion = 10.0.40219.1
Project("{2150E333-8FDC-42A3-9474-1A3956D46DE8}") = "Task0", "Task0", "{36C04B2E-A879-4038-9D73-99128C499B0F}"
EndProject
Project("{FAE04EC0-301F-11D3-BF4B-00C04F79EFBC}") = "Tyuiu.SosninRA.Sprint0.Task0.V0", "Tyuiu.SosninRA.Sprint0.Task0.V0\Tyuiu.SosninRA.Sprint0.Task0.V0.csproj", "{E576FAB5-B88A-4B10-8F63-45E712CF8D57}"
EndProject
Project("{2150E333-8FDC-42A3-9474-1A3956D46DE8}") = "Task1", "Task1", "{2BD33C16-987F-4084-8D41-E6C2C647CBF7}"
EndProject
Project("{FAE04EC0-301F-11D3-BF4B-00C04F79EFBC}") = "Tyuiu.SosninRA.Sprint0.Task1.V0", "Tyuiu.SosninRA.Sprint0.Task1.V0\Tyuiu.SosninRA.Sprint0.Task1.V0.csproj", "{441B71BD-2E22-4CBE-8D2C-FC2CE10C1292}"
EndProject
Project("{2150E333-8FDC-42A3-9474-1A3956D46DE8}") = "Task2", "Task2", "{27F76BC6-098F-40BA-AEAD-4EAB8B9C1907}"
EndProject
Project("{FAE04EC0-301F-11D3-BF4B-00C04F79EFBC}") = "Tyuiu.SosninRA.Sprint0.Task2.V0", "Tyuiu.SosninRA.Sprint0.Task2.V0\Tyuiu.SosninRA.Sprint0.Task2.V0.csproj", "{800E68F8-EF34-4FAF-866A-B449C3E948C3}"
EndProject
Project("{FAE04EC0-301F-11D3-BF4B-00C04F79EFBC}") = "Tyuiu.SosninRA.Sprint0.Task2.V0.Lib", "Tyuiu.SosninRA.Sprint0.Task2.V0.Lib\Tyuiu.SosninRA.Sprint0.Task2.V0.Lib.csproj", "{51959807-A41D-402D-92AC-0120C3790362}"
EndProject
Project("{FAE04EC0-301F-11D3-BF4B-00C04F79EFBC}") = "Tyuiu.SosninRA.Sprint0.Task2.V0.Test", "Tyuiu.SosninRA.Sprint0.Task2.V0.Test\Tyuiu.SosninRA.Sprint0.Task2.V0.Test.csproj", "{EDEB07A9-77B7-417A-BD2C-866AC8292501}"
EndProject
Global
	GlobalSection(SolutionConfigurationPlatforms) = preSolution
		Debug|Any CPU = Debug|Any CPU
		Release|Any CPU = Release|Any CPU
	EndGlobalSection
	GlobalSection(ProjectConfigurationPlatforms) = postSolution
		{E576FAB5-B88A-4B10-8F63-45E712CF8D57}.Debug|Any CPU.ActiveCfg = Debug|Any CPU
		{E576FAB5-B88A-4B10-8F63-45E712CF8D57}.Debug|Any CPU.Build.0 = Debug|Any CPU
		{E576FAB5-B88A-4B10-8F63-45E712CF8D57}.Release|Any CPU.ActiveCfg = Release|Any CPU
		{E576FAB5-B88A-4B10-8F63-45E712CF8D57}.Release|Any CPU.Build.0 = Release|Any CPU
		{441B71BD-2E22-4CBE-8D2C-FC2CE10C1292}.Debug|Any CPU.ActiveCfg = Debug|Any CPU
		{441B71BD-2E22-4CBE-8D2C-FC2CE10C1292}.Debug|Any CPU.Build.0 = Debug|Any CPU
		{441B71BD-2E22-4CBE-8D2C-FC2CE10C1292}.Release|Any CPU.ActiveCfg = Release|Any CPU
		{441B71BD-2E22-4CBE-8D2C-FC2CE10C1292}.Release|Any CPU.Build.0 = Release|Any CPU
		{800E68F8-EF34-4FAF-866A-B449C3E948C3}.Debug|Any CPU.ActiveCfg = Debug|Any CPU
		{800E68F8-EF34-4FAF-866A-B449C3E948C3}.Debug|Any CPU.Build.0 = Debug|Any CPU
		{800E68F8-EF34-4FAF-866A-B449C3E948C3}.Release|Any CPU.ActiveCfg = Release|Any CPU
		{800E68F8-EF34-4FAF-866A-B449C3E948C3}.Release|Any CPU.Build.0 = Release|Any CPU
		{51959807-A41D-402D-92AC-0120C3790362}.Debug|Any CPU.ActiveCfg = Debug|Any CPU
		{51959807-A41D-402D-92AC-0120C3790362}.Debug|Any CPU.Build.0 = Debug|Any CPU
		{51959807-A41D-402D-92AC-0120C3790362}.Release|Any CPU.ActiveCfg = Release|Any CPU
		{51959807-A41D-402D-92AC-0120C3790362}.Release|Any CPU.Build.0 = Release|Any CPU
		{EDEB07A9-77B7-417A-BD2C-866AC8292501}.Debug|Any CPU.ActiveCfg = Debug|Any CPU
		{EDEB07A9-77B7-417A-BD2C-866AC8292501}.Debug|Any CPU.Build.0 = Debug|Any CPU
		{EDEB07A9-77B7-417A-BD2C-866AC8292501}.Release|Any CPU.ActiveCfg = Release|Any CPU
		{EDEB07A9-77B7-417A-BD2C-866AC8292501}.Release|Any CPU.Build.0 = Release|Any CPU
	EndGlobalSection
	GlobalSection(SolutionProperties) = preSolution
		HideSolutionNode = FALSE
	EndGlobalSection
	GlobalSection(NestedProjects) = preSolution
		{E576FAB5-B88A-4B10-8F63-45E712CF8D57} = {36C04B2E-A879-4038-9D73-99128C499B0F}
		{441B71BD-2E22-4CBE-8D2C-FC2CE10C1292} = {2BD33C16-987F-4084-8D41-E6C2C647CBF7}
		{800E68F8-EF34-4FAF-866A-B449C3E948C3} = {27F76BC6-098F-40BA-AEAD-4EAB8B9C1907}
		{51959807-A41D-402D-92AC-0120C3790362} = {27F76BC6-098F-40BA-AEAD-4EAB8B9C1907}
		{EDEB07A9-77B7-417A-BD2C-866AC8292501} = {27F76BC6-098F-40BA-AEAD-4EAB8B9C1907}
	EndGlobalSection
EndGlobal
